
Microsoft Visual Studio Solution File, Format Version 12.00
# Visual Studio 15
Project("{FAE04EC0-301F-11D3-BF4B-00C04F79EFBC}") = "UnityEngine.TestRunner", "UnityEngine.TestRunner.csproj", "{8F4F4A8E-1F8F-18F1-3893-3E5DB07BDB44}"
EndProject
Project("{FAE04EC0-301F-11D3-BF4B-00C04F79EFBC}") = "UnityEngine.UI", "UnityEngine.UI.csproj", "{75F88345-82A0-0948-158C-5C0262EED192}"
EndProject
Project("{FAE04EC0-301F-11D3-BF4B-00C04F79EFBC}") = "Unity.Mathematics", "Unity.Mathematics.csproj", "{F472FA64-2AA6-A4DB-7D0A-AC3682E91690}"
EndProject
Project("{FAE04EC0-301F-11D3-BF4B-00C04F79EFBC}") = "Unity.Timeline", "Unity.Timeline.csproj", "{A1F7866B-4020-B11C-4932-F87710DF7769}"
EndProject
Project("{FAE04EC0-301F-11D3-BF4B-00C04F79EFBC}") = "Unity.TextMeshPro", "Unity.TextMeshPro.csproj", "{F39E9229-DEB9-0DB9-57E6-B2A6DCC8EDB1}"
EndProject
Project("{FAE04EC0-301F-11D3-BF4B-00C04F79EFBC}") = "Unity.Burst", "Unity.Burst.csproj", "{A29E2C82-089E-4675-2BE2-F54A91FDE018}"
EndProject
Project("{FAE04EC0-301F-11D3-BF4B-00C04F79EFBC}") = "Unity.2D.Animation.Runtime", "Unity.2D.Animation.Runtime.csproj", "{92B6677A-4E1D-C9A7-D2A3-D0704DF8CDEB}"
EndProject
Project("{FAE04EC0-301F-11D3-BF4B-00C04F79EFBC}") = "Unity.2D.IK.Runtime", "Unity.2D.IK.Runtime.csproj", "{15B3EFB8-B073-4688-42F1-4C74EEE1D299}"
EndProject
Project("{FAE04EC0-301F-11D3-BF4B-00C04F79EFBC}") = "Unity.2D.SpriteShape.Runtime", "Unity.2D.SpriteShape.Runtime.csproj", "{3D0A167A-510D-D5CF-C83A-22273E86D8D9}"
EndProject
Project("{FAE04EC0-301F-11D3-BF4B-00C04F79EFBC}") = "Unity.2D.Common.Runtime", "Unity.2D.Common.Runtime.csproj", "{96316949-3DF9-3F0B-53AB-BDB9DB2EF9A8}"
EndProject
Project("{FAE04EC0-301F-11D3-BF4B-00C04F79EFBC}") = "Unity.2D.PixelPerfect", "Unity.2D.PixelPerfect.csproj", "{30302A46-40BA-0731-BB43-87E54A827B78}"
EndProject
Project("{FAE04EC0-301F-11D3-BF4B-00C04F79EFBC}") = "Assembly-CSharp", "Assembly-CSharp.csproj", "{4486AA25-9899-007B-6F13-B9B9AA19C200}"
EndProject
Project("{FAE04EC0-301F-11D3-BF4B-00C04F79EFBC}") = "Unity.InternalAPIEngineBridge.001", "Unity.InternalAPIEngineBridge.001.csproj", "{634E6A35-D9C1-1107-6950-1ACA33550B40}"
EndProject
Project("{FAE04EC0-301F-11D3-BF4B-00C04F79EFBC}") = "UnityEditor.TestRunner", "UnityEditor.TestRunner.csproj", "{DE702E74-9D0F-0F57-A181-3BB5B5BA3DC1}"
EndProject
Project("{FAE04EC0-301F-11D3-BF4B-00C04F79EFBC}") = "Unity.2D.Psdimporter.Editor", "Unity.2D.Psdimporter.Editor.csproj", "{3E44F883-8D7D-7E18-3B86-A7D979C046C9}"
EndProject
Project("{FAE04EC0-301F-11D3-BF4B-00C04F79EFBC}") = "Unity.PlasticSCM.Editor", "Unity.PlasticSCM.Editor.csproj", "{5C059C52-9FD3-8A93-C828-0DF2777FCEBC}"
EndProject
Project("{FAE04EC0-301F-11D3-BF4B-00C04F79EFBC}") = "UnityEditor.UI", "UnityEditor.UI.csproj", "{9CA02142-BCC2-8995-C9F8-86CD0D6B1BC5}"
EndProject
Project("{FAE04EC0-301F-11D3-BF4B-00C04F79EFBC}") = "Unity.Services.Core.Editor", "Unity.Services.Core.Editor.csproj", "{E663B188-145A-CFCF-9271-D89891953EE9}"
EndProject
Project("{FAE04EC0-301F-11D3-BF4B-00C04F79EFBC}") = "Unity.Timeline.Editor", "Unity.Timeline.Editor.csproj", "{4C896E9A-5CE2-B4F4-24C9-793304C32B2E}"
EndProject
Project("{FAE04EC0-301F-11D3-BF4B-00C04F79EFBC}") = "Unity.VisualStudio.Editor", "Unity.VisualStudio.Editor.csproj", "{B685027B-0CDC-CAAF-6474-54D2E0381759}"
EndProject
Project("{FAE04EC0-301F-11D3-BF4B-00C04F79EFBC}") = "Unity.2D.Animation.Editor", "Unity.2D.Animation.Editor.csproj", "{BBF0543B-6538-86D9-0E63-88CA8D85877C}"
EndProject
Project("{FAE04EC0-301F-11D3-BF4B-00C04F79EFBC}") = "Unity.TextMeshPro.Editor", "Unity.TextMeshPro.Editor.csproj", "{471D6D51-3B52-657E-E647-D6FF5C28E234}"
EndProject
Project("{FAE04EC0-301F-11D3-BF4B-00C04F79EFBC}") = "Unity.2D.SpriteShape.Editor", "Unity.2D.SpriteShape.Editor.csproj", "{33B37C76-71BB-9CC7-D0A4-AF6FE0B2A66F}"
EndProject
Project("{FAE04EC0-301F-11D3-BF4B-00C04F79EFBC}") = "Unity.CollabProxy.Editor", "Unity.CollabProxy.Editor.csproj", "{23C98479-DE75-9AF2-AFEC-3F8D4B620AB3}"
EndProject
Project("{FAE04EC0-301F-11D3-BF4B-00C04F79EFBC}") = "PsdPlugin", "PsdPlugin.csproj", "{64774290-9FAC-23CA-E133-9D70D4F236A3}"
EndProject
Project("{FAE04EC0-301F-11D3-BF4B-00C04F79EFBC}") = "Unity.2D.Tilemap.Editor", "Unity.2D.Tilemap.Editor.csproj", "{2DDFAD01-589F-07C8-BD2D-E33519ADB6EF}"
EndProject
Project("{FAE04EC0-301F-11D3-BF4B-00C04F79EFBC}") = "Unity.2D.Path.Editor", "Unity.2D.Path.Editor.csproj", "{11127746-84AB-D1C9-8799-DD20513230CA}"
EndProject
Project("{FAE04EC0-301F-11D3-BF4B-00C04F79EFBC}") = "Unity.Rider.Editor", "Unity.Rider.Editor.csproj", "{24957448-991E-3A06-F8E8-16198453584C}"
EndProject
Project("{FAE04EC0-301F-11D3-BF4B-00C04F79EFBC}") = "Unity.2D.Sprite.Editor", "Unity.2D.Sprite.Editor.csproj", "{C239772F-3F9C-852D-5343-5C3519A15A44}"
EndProject
Project("{FAE04EC0-301F-11D3-BF4B-00C04F79EFBC}") = "Unity.2D.IK.Editor", "Unity.2D.IK.Editor.csproj", "{26431B48-18E3-1A38-3BC3-1D0434067583}"
EndProject
Project("{FAE04EC0-301F-11D3-BF4B-00C04F79EFBC}") = "Unity.Burst.Editor", "Unity.Burst.Editor.csproj", "{765DCA45-05A2-6332-3296-947C5E3B8D64}"
EndProject
Project("{FAE04EC0-301F-11D3-BF4B-00C04F79EFBC}") = "Unity.SysrootPackage.Editor", "Unity.SysrootPackage.Editor.csproj", "{4E30C74B-4C1A-46A3-4671-FB1B749872FF}"
EndProject
Project("{FAE04EC0-301F-11D3-BF4B-00C04F79EFBC}") = "Unity.Burst.CodeGen", "Unity.Burst.CodeGen.csproj", "{06B92D1F-A6E4-033C-49DC-54E28231C3A7}"
EndProject
Project("{FAE04EC0-301F-11D3-BF4B-00C04F79EFBC}") = "Unity.2D.PixelPerfect.Editor", "Unity.2D.PixelPerfect.Editor.csproj", "{8D7FA171-A5B3-679D-43A6-4F874FF83F2B}"
EndProject
Project("{FAE04EC0-301F-11D3-BF4B-00C04F79EFBC}") = "Unity.VSCode.Editor", "Unity.VSCode.Editor.csproj", "{27532541-EE2D-9C0B-C899-C9A68B362635}"
EndProject
Project("{FAE04EC0-301F-11D3-BF4B-00C04F79EFBC}") = "Unity.Toolchain.Win-x86_64-Linux-x86_64", "Unity.Toolchain.Win-x86_64-Linux-x86_64.csproj", "{95677311-DC0F-1FE1-7AB1-042A52F5CE77}"
EndProject
Project("{FAE04EC0-301F-11D3-BF4B-00C04F79EFBC}") = "Unity.2D.Common.Editor", "Unity.2D.Common.Editor.csproj", "{98093B27-F3AF-3270-7F1F-4C8038E9D652}"
EndProject
Project("{FAE04EC0-301F-11D3-BF4B-00C04F79EFBC}") = "Unity.Mathematics.Editor", "Unity.Mathematics.Editor.csproj", "{70019227-928F-FC2C-5949-034C0FDD9377}"
EndProject
Project("{FAE04EC0-301F-11D3-BF4B-00C04F79EFBC}") = "Unity.InternalAPIEditorBridge.001", "Unity.InternalAPIEditorBridge.001.csproj", "{648AB70E-47A2-1CC9-079B-47262DE5A55C}"
EndProject
Project("{FAE04EC0-301F-11D3-BF4B-00C04F79EFBC}") = "Unity.Sysroot.Linux_x86_64", "Unity.Sysroot.Linux_x86_64.csproj", "{F530B428-28FD-C34D-FB2A-9BFB83957690}"
EndProject
Project("{FAE04EC0-301F-11D3-BF4B-00C04F79EFBC}") = "UnityEngine.TestRunner", "UnityEngine.TestRunner.Player.csproj", "{40BE6380-2802-C346-465F-39D330BC7EFB}"
EndProject
Project("{FAE04EC0-301F-11D3-BF4B-00C04F79EFBC}") = "UnityEngine.UI", "UnityEngine.UI.Player.csproj", "{C64FECD1-5FA4-8E0E-517D-8A33A177D429}"
EndProject
Project("{FAE04EC0-301F-11D3-BF4B-00C04F79EFBC}") = "Unity.Mathematics", "Unity.Mathematics.Player.csproj", "{FDC545D8-EF87-6A86-C7F1-32660C97AB14}"
EndProject
Project("{FAE04EC0-301F-11D3-BF4B-00C04F79EFBC}") = "Unity.Timeline", "Unity.Timeline.Player.csproj", "{7632DBB4-AE4D-26D5-9A14-BBEE14BCB221}"
EndProject
Project("{FAE04EC0-301F-11D3-BF4B-00C04F79EFBC}") = "Unity.TextMeshPro", "Unity.TextMeshPro.Player.csproj", "{2AC9C2FE-7CAB-6AB4-2161-9EBC8392E065}"
EndProject
Project("{FAE04EC0-301F-11D3-BF4B-00C04F79EFBC}") = "Unity.Burst", "Unity.Burst.Player.csproj", "{1030944B-82B6-5403-632B-03DB66C2D1D5}"
EndProject
Project("{FAE04EC0-301F-11D3-BF4B-00C04F79EFBC}") = "Unity.2D.Animation.Runtime", "Unity.2D.Animation.Runtime.Player.csproj", "{08B5CAB1-5702-BFB2-4994-C79EE9C969AE}"
EndProject
Project("{FAE04EC0-301F-11D3-BF4B-00C04F79EFBC}") = "Unity.2D.IK.Runtime", "Unity.2D.IK.Runtime.Player.csproj", "{DB4F0A2A-CF82-9F8B-0369-36DCF762EE0C}"
EndProject
Project("{FAE04EC0-301F-11D3-BF4B-00C04F79EFBC}") = "Unity.2D.SpriteShape.Runtime", "Unity.2D.SpriteShape.Runtime.Player.csproj", "{94910C30-6407-0DE6-BCC7-6B57FEC13A0D}"
EndProject
Project("{FAE04EC0-301F-11D3-BF4B-00C04F79EFBC}") = "Unity.2D.Common.Runtime", "Unity.2D.Common.Runtime.Player.csproj", "{6D392434-CACA-4551-FB10-AC41B1FAF913}"
EndProject
Project("{FAE04EC0-301F-11D3-BF4B-00C04F79EFBC}") = "Unity.2D.PixelPerfect", "Unity.2D.PixelPerfect.Player.csproj", "{3D491FE2-3A85-D855-2F04-114F5F1A2351}"
EndProject
Project("{FAE04EC0-301F-11D3-BF4B-00C04F79EFBC}") = "Assembly-CSharp", "Assembly-CSharp.Player.csproj", "{6D8808A3-B6F7-CEF0-62C2-70540F60F38F}"
EndProject
Project("{FAE04EC0-301F-11D3-BF4B-00C04F79EFBC}") = "Unity.InternalAPIEngineBridge.001", "Unity.InternalAPIEngineBridge.001.Player.csproj", "{0625CAC6-2D6E-32F3-12F8-626AE2F46211}"
EndProject
Global
	GlobalSection(SolutionConfigurationPlatforms) = preSolution
		Debug|Any CPU = Debug|Any CPU
		Release|Any CPU = Release|Any CPU
	EndGlobalSection
	GlobalSection(ProjectConfigurationPlatforms) = postSolution
		{8F4F4A8E-1F8F-18F1-3893-3E5DB07BDB44}.Debug|Any CPU.ActiveCfg = Debug|Any CPU
		{8F4F4A8E-1F8F-18F1-3893-3E5DB07BDB44}.Debug|Any CPU.Build.0 = Debug|Any CPU
		{8F4F4A8E-1F8F-18F1-3893-3E5DB07BDB44}.Release|Any CPU.ActiveCfg = Release|Any CPU
		{8F4F4A8E-1F8F-18F1-3893-3E5DB07BDB44}.Release|Any CPU.Build.0 = Release|Any CPU
		{75F88345-82A0-0948-158C-5C0262EED192}.Debug|Any CPU.ActiveCfg = Debug|Any CPU
		{75F88345-82A0-0948-158C-5C0262EED192}.Debug|Any CPU.Build.0 = Debug|Any CPU
		{75F88345-82A0-0948-158C-5C0262EED192}.Release|Any CPU.ActiveCfg = Release|Any CPU
		{75F88345-82A0-0948-158C-5C0262EED192}.Release|Any CPU.Build.0 = Release|Any CPU
		{F472FA64-2AA6-A4DB-7D0A-AC3682E91690}.Debug|Any CPU.ActiveCfg = Debug|Any CPU
		{F472FA64-2AA6-A4DB-7D0A-AC3682E91690}.Debug|Any CPU.Build.0 = Debug|Any CPU
		{F472FA64-2AA6-A4DB-7D0A-AC3682E91690}.Release|Any CPU.ActiveCfg = Release|Any CPU
		{F472FA64-2AA6-A4DB-7D0A-AC3682E91690}.Release|Any CPU.Build.0 = Release|Any CPU
		{A1F7866B-4020-B11C-4932-F87710DF7769}.Debug|Any CPU.ActiveCfg = Debug|Any CPU
		{A1F7866B-4020-B11C-4932-F87710DF7769}.Debug|Any CPU.Build.0 = Debug|Any CPU
		{A1F7866B-4020-B11C-4932-F87710DF7769}.Release|Any CPU.ActiveCfg = Release|Any CPU
		{A1F7866B-4020-B11C-4932-F87710DF7769}.Release|Any CPU.Build.0 = Release|Any CPU
		{F39E9229-DEB9-0DB9-57E6-B2A6DCC8EDB1}.Debug|Any CPU.ActiveCfg = Debug|Any CPU
		{F39E9229-DEB9-0DB9-57E6-B2A6DCC8EDB1}.Debug|Any CPU.Build.0 = Debug|Any CPU
		{F39E9229-DEB9-0DB9-57E6-B2A6DCC8EDB1}.Release|Any CPU.ActiveCfg = Release|Any CPU
		{F39E9229-DEB9-0DB9-57E6-B2A6DCC8EDB1}.Release|Any CPU.Build.0 = Release|Any CPU
		{A29E2C82-089E-4675-2BE2-F54A91FDE018}.Debug|Any CPU.ActiveCfg = Debug|Any CPU
		{A29E2C82-089E-4675-2BE2-F54A91FDE018}.Debug|Any CPU.Build.0 = Debug|Any CPU
		{A29E2C82-089E-4675-2BE2-F54A91FDE018}.Release|Any CPU.ActiveCfg = Release|Any CPU
		{A29E2C82-089E-4675-2BE2-F54A91FDE018}.Release|Any CPU.Build.0 = Release|Any CPU
		{92B6677A-4E1D-C9A7-D2A3-D0704DF8CDEB}.Debug|Any CPU.ActiveCfg = Debug|Any CPU
		{92B6677A-4E1D-C9A7-D2A3-D0704DF8CDEB}.Debug|Any CPU.Build.0 = Debug|Any CPU
		{92B6677A-4E1D-C9A7-D2A3-D0704DF8CDEB}.Release|Any CPU.ActiveCfg = Release|Any CPU
		{92B6677A-4E1D-C9A7-D2A3-D0704DF8CDEB}.Release|Any CPU.Build.0 = Release|Any CPU
		{15B3EFB8-B073-4688-42F1-4C74EEE1D299}.Debug|Any CPU.ActiveCfg = Debug|Any CPU
		{15B3EFB8-B073-4688-42F1-4C74EEE1D299}.Debug|Any CPU.Build.0 = Debug|Any CPU
		{15B3EFB8-B073-4688-42F1-4C74EEE1D299}.Release|Any CPU.ActiveCfg = Release|Any CPU
		{15B3EFB8-B073-4688-42F1-4C74EEE1D299}.Release|Any CPU.Build.0 = Release|Any CPU
		{3D0A167A-510D-D5CF-C83A-22273E86D8D9}.Debug|Any CPU.ActiveCfg = Debug|Any CPU
		{3D0A167A-510D-D5CF-C83A-22273E86D8D9}.Debug|Any CPU.Build.0 = Debug|Any CPU
		{3D0A167A-510D-D5CF-C83A-22273E86D8D9}.Release|Any CPU.ActiveCfg = Release|Any CPU
		{3D0A167A-510D-D5CF-C83A-22273E86D8D9}.Release|Any CPU.Build.0 = Release|Any CPU
		{96316949-3DF9-3F0B-53AB-BDB9DB2EF9A8}.Debug|Any CPU.ActiveCfg = Debug|Any CPU
		{96316949-3DF9-3F0B-53AB-BDB9DB2EF9A8}.Debug|Any CPU.Build.0 = Debug|Any CPU
		{96316949-3DF9-3F0B-53AB-BDB9DB2EF9A8}.Release|Any CPU.ActiveCfg = Release|Any CPU
		{96316949-3DF9-3F0B-53AB-BDB9DB2EF9A8}.Release|Any CPU.Build.0 = Release|Any CPU
		{30302A46-40BA-0731-BB43-87E54A827B78}.Debug|Any CPU.ActiveCfg = Debug|Any CPU
		{30302A46-40BA-0731-BB43-87E54A827B78}.Debug|Any CPU.Build.0 = Debug|Any CPU
		{30302A46-40BA-0731-BB43-87E54A827B78}.Release|Any CPU.ActiveCfg = Release|Any CPU
		{30302A46-40BA-0731-BB43-87E54A827B78}.Release|Any CPU.Build.0 = Release|Any CPU
		{4486AA25-9899-007B-6F13-B9B9AA19C200}.Debug|Any CPU.ActiveCfg = Debug|Any CPU
		{4486AA25-9899-007B-6F13-B9B9AA19C200}.Debug|Any CPU.Build.0 = Debug|Any CPU
		{4486AA25-9899-007B-6F13-B9B9AA19C200}.Release|Any CPU.ActiveCfg = Release|Any CPU
		{4486AA25-9899-007B-6F13-B9B9AA19C200}.Release|Any CPU.Build.0 = Release|Any CPU
		{634E6A35-D9C1-1107-6950-1ACA33550B40}.Debug|Any CPU.ActiveCfg = Debug|Any CPU
		{634E6A35-D9C1-1107-6950-1ACA33550B40}.Debug|Any CPU.Build.0 = Debug|Any CPU
		{634E6A35-D9C1-1107-6950-1ACA33550B40}.Release|Any CPU.ActiveCfg = Release|Any CPU
		{634E6A35-D9C1-1107-6950-1ACA33550B40}.Release|Any CPU.Build.0 = Release|Any CPU
		{DE702E74-9D0F-0F57-A181-3BB5B5BA3DC1}.Debug|Any CPU.ActiveCfg = Debug|Any CPU
		{DE702E74-9D0F-0F57-A181-3BB5B5BA3DC1}.Debug|Any CPU.Build.0 = Debug|Any CPU
		{DE702E74-9D0F-0F57-A181-3BB5B5BA3DC1}.Release|Any CPU.ActiveCfg = Release|Any CPU
		{DE702E74-9D0F-0F57-A181-3BB5B5BA3DC1}.Release|Any CPU.Build.0 = Release|Any CPU
		{3E44F883-8D7D-7E18-3B86-A7D979C046C9}.Debug|Any CPU.ActiveCfg = Debug|Any CPU
		{3E44F883-8D7D-7E18-3B86-A7D979C046C9}.Debug|Any CPU.Build.0 = Debug|Any CPU
		{3E44F883-8D7D-7E18-3B86-A7D979C046C9}.Release|Any CPU.ActiveCfg = Release|Any CPU
		{3E44F883-8D7D-7E18-3B86-A7D979C046C9}.Release|Any CPU.Build.0 = Release|Any CPU
		{5C059C52-9FD3-8A93-C828-0DF2777FCEBC}.Debug|Any CPU.ActiveCfg = Debug|Any CPU
		{5C059C52-9FD3-8A93-C828-0DF2777FCEBC}.Debug|Any CPU.Build.0 = Debug|Any CPU
		{5C059C52-9FD3-8A93-C828-0DF2777FCEBC}.Release|Any CPU.ActiveCfg = Release|Any CPU
		{5C059C52-9FD3-8A93-C828-0DF2777FCEBC}.Release|Any CPU.Build.0 = Release|Any CPU
		{9CA02142-BCC2-8995-C9F8-86CD0D6B1BC5}.Debug|Any CPU.ActiveCfg = Debug|Any CPU
		{9CA02142-BCC2-8995-C9F8-86CD0D6B1BC5}.Debug|Any CPU.Build.0 = Debug|Any CPU
		{9CA02142-BCC2-8995-C9F8-86CD0D6B1BC5}.Release|Any CPU.ActiveCfg = Release|Any CPU
		{9CA02142-BCC2-8995-C9F8-86CD0D6B1BC5}.Release|Any CPU.Build.0 = Release|Any CPU
		{E663B188-145A-CFCF-9271-D89891953EE9}.Debug|Any CPU.ActiveCfg = Debug|Any CPU
		{E663B188-145A-CFCF-9271-D89891953EE9}.Debug|Any CPU.Build.0 = Debug|Any CPU
		{E663B188-145A-CFCF-9271-D89891953EE9}.Release|Any CPU.ActiveCfg = Release|Any CPU
		{E663B188-145A-CFCF-9271-D89891953EE9}.Release|Any CPU.Build.0 = Release|Any CPU
		{4C896E9A-5CE2-B4F4-24C9-793304C32B2E}.Debug|Any CPU.ActiveCfg = Debug|Any CPU
		{4C896E9A-5CE2-B4F4-24C9-793304C32B2E}.Debug|Any CPU.Build.0 = Debug|Any CPU
		{4C896E9A-5CE2-B4F4-24C9-793304C32B2E}.Release|Any CPU.ActiveCfg = Release|Any CPU
		{4C896E9A-5CE2-B4F4-24C9-793304C32B2E}.Release|Any CPU.Build.0 = Release|Any CPU
		{B685027B-0CDC-CAAF-6474-54D2E0381759}.Debug|Any CPU.ActiveCfg = Debug|Any CPU
		{B685027B-0CDC-CAAF-6474-54D2E0381759}.Debug|Any CPU.Build.0 = Debug|Any CPU
		{B685027B-0CDC-CAAF-6474-54D2E0381759}.Release|Any CPU.ActiveCfg = Release|Any CPU
		{B685027B-0CDC-CAAF-6474-54D2E0381759}.Release|Any CPU.Build.0 = Release|Any CPU
		{BBF0543B-6538-86D9-0E63-88CA8D85877C}.Debug|Any CPU.ActiveCfg = Debug|Any CPU
		{BBF0543B-6538-86D9-0E63-88CA8D85877C}.Debug|Any CPU.Build.0 = Debug|Any CPU
		{BBF0543B-6538-86D9-0E63-88CA8D85877C}.Release|Any CPU.ActiveCfg = Release|Any CPU
		{BBF0543B-6538-86D9-0E63-88CA8D85877C}.Release|Any CPU.Build.0 = Release|Any CPU
		{471D6D51-3B52-657E-E647-D6FF5C28E234}.Debug|Any CPU.ActiveCfg = Debug|Any CPU
		{471D6D51-3B52-657E-E647-D6FF5C28E234}.Debug|Any CPU.Build.0 = Debug|Any CPU
		{471D6D51-3B52-657E-E647-D6FF5C28E234}.Release|Any CPU.ActiveCfg = Release|Any CPU
		{471D6D51-3B52-657E-E647-D6FF5C28E234}.Release|Any CPU.Build.0 = Release|Any CPU
		{33B37C76-71BB-9CC7-D0A4-AF6FE0B2A66F}.Debug|Any CPU.ActiveCfg = Debug|Any CPU
		{33B37C76-71BB-9CC7-D0A4-AF6FE0B2A66F}.Debug|Any CPU.Build.0 = Debug|Any CPU
		{33B37C76-71BB-9CC7-D0A4-AF6FE0B2A66F}.Release|Any CPU.ActiveCfg = Release|Any CPU
		{33B37C76-71BB-9CC7-D0A4-AF6FE0B2A66F}.Release|Any CPU.Build.0 = Release|Any CPU
		{23C98479-DE75-9AF2-AFEC-3F8D4B620AB3}.Debug|Any CPU.ActiveCfg = Debug|Any CPU
		{23C98479-DE75-9AF2-AFEC-3F8D4B620AB3}.Debug|Any CPU.Build.0 = Debug|Any CPU
		{23C98479-DE75-9AF2-AFEC-3F8D4B620AB3}.Release|Any CPU.ActiveCfg = Release|Any CPU
		{23C98479-DE75-9AF2-AFEC-3F8D4B620AB3}.Release|Any CPU.Build.0 = Release|Any CPU
		{64774290-9FAC-23CA-E133-9D70D4F236A3}.Debug|Any CPU.ActiveCfg = Debug|Any CPU
		{64774290-9FAC-23CA-E133-9D70D4F236A3}.Debug|Any CPU.Build.0 = Debug|Any CPU
		{64774290-9FAC-23CA-E133-9D70D4F236A3}.Release|Any CPU.ActiveCfg = Release|Any CPU
		{64774290-9FAC-23CA-E133-9D70D4F236A3}.Release|Any CPU.Build.0 = Release|Any CPU
		{2DDFAD01-589F-07C8-BD2D-E33519ADB6EF}.Debug|Any CPU.ActiveCfg = Debug|Any CPU
		{2DDFAD01-589F-07C8-BD2D-E33519ADB6EF}.Debug|Any CPU.Build.0 = Debug|Any CPU
		{2DDFAD01-589F-07C8-BD2D-E33519ADB6EF}.Release|Any CPU.ActiveCfg = Release|Any CPU
		{2DDFAD01-589F-07C8-BD2D-E33519ADB6EF}.Release|Any CPU.Build.0 = Release|Any CPU
		{11127746-84AB-D1C9-8799-DD20513230CA}.Debug|Any CPU.ActiveCfg = Debug|Any CPU
		{11127746-84AB-D1C9-8799-DD20513230CA}.Debug|Any CPU.Build.0 = Debug|Any CPU
		{11127746-84AB-D1C9-8799-DD20513230CA}.Release|Any CPU.ActiveCfg = Release|Any CPU
		{11127746-84AB-D1C9-8799-DD20513230CA}.Release|Any CPU.Build.0 = Release|Any CPU
		{24957448-991E-3A06-F8E8-16198453584C}.Debug|Any CPU.ActiveCfg = Debug|Any CPU
		{24957448-991E-3A06-F8E8-16198453584C}.Debug|Any CPU.Build.0 = Debug|Any CPU
		{24957448-991E-3A06-F8E8-16198453584C}.Release|Any CPU.ActiveCfg = Release|Any CPU
		{24957448-991E-3A06-F8E8-16198453584C}.Release|Any CPU.Build.0 = Release|Any CPU
		{C239772F-3F9C-852D-5343-5C3519A15A44}.Debug|Any CPU.ActiveCfg = Debug|Any CPU
		{C239772F-3F9C-852D-5343-5C3519A15A44}.Debug|Any CPU.Build.0 = Debug|Any CPU
		{C239772F-3F9C-852D-5343-5C3519A15A44}.Release|Any CPU.ActiveCfg = Release|Any CPU
		{C239772F-3F9C-852D-5343-5C3519A15A44}.Release|Any CPU.Build.0 = Release|Any CPU
		{26431B48-18E3-1A38-3BC3-1D0434067583}.Debug|Any CPU.ActiveCfg = Debug|Any CPU
		{26431B48-18E3-1A38-3BC3-1D0434067583}.Debug|Any CPU.Build.0 = Debug|Any CPU
		{26431B48-18E3-1A38-3BC3-1D0434067583}.Release|Any CPU.ActiveCfg = Release|Any CPU
		{26431B48-18E3-1A38-3BC3-1D0434067583}.Release|Any CPU.Build.0 = Release|Any CPU
		{765DCA45-05A2-6332-3296-947C5E3B8D64}.Debug|Any CPU.ActiveCfg = Debug|Any CPU
		{765DCA45-05A2-6332-3296-947C5E3B8D64}.Debug|Any CPU.Build.0 = Debug|Any CPU
		{765DCA45-05A2-6332-3296-947C5E3B8D64}.Release|Any CPU.ActiveCfg = Release|Any CPU
		{765DCA45-05A2-6332-3296-947C5E3B8D64}.Release|Any CPU.Build.0 = Release|Any CPU
		{4E30C74B-4C1A-46A3-4671-FB1B749872FF}.Debug|Any CPU.ActiveCfg = Debug|Any CPU
		{4E30C74B-4C1A-46A3-4671-FB1B749872FF}.Debug|Any CPU.Build.0 = Debug|Any CPU
		{4E30C74B-4C1A-46A3-4671-FB1B749872FF}.Release|Any CPU.ActiveCfg = Release|Any CPU
		{4E30C74B-4C1A-46A3-4671-FB1B749872FF}.Release|Any CPU.Build.0 = Release|Any CPU
		{06B92D1F-A6E4-033C-49DC-54E28231C3A7}.Debug|Any CPU.ActiveCfg = Debug|Any CPU
		{06B92D1F-A6E4-033C-49DC-54E28231C3A7}.Debug|Any CPU.Build.0 = Debug|Any CPU
		{06B92D1F-A6E4-033C-49DC-54E28231C3A7}.Release|Any CPU.ActiveCfg = Release|Any CPU
		{06B92D1F-A6E4-033C-49DC-54E28231C3A7}.Release|Any CPU.Build.0 = Release|Any CPU
		{8D7FA171-A5B3-679D-43A6-4F874FF83F2B}.Debug|Any CPU.ActiveCfg = Debug|Any CPU
		{8D7FA171-A5B3-679D-43A6-4F874FF83F2B}.Debug|Any CPU.Build.0 = Debug|Any CPU
		{8D7FA171-A5B3-679D-43A6-4F874FF83F2B}.Release|Any CPU.ActiveCfg = Release|Any CPU
		{8D7FA171-A5B3-679D-43A6-4F874FF83F2B}.Release|Any CPU.Build.0 = Release|Any CPU
		{27532541-EE2D-9C0B-C899-C9A68B362635}.Debug|Any CPU.ActiveCfg = Debug|Any CPU
		{27532541-EE2D-9C0B-C899-C9A68B362635}.Debug|Any CPU.Build.0 = Debug|Any CPU
		{27532541-EE2D-9C0B-C899-C9A68B362635}.Release|Any CPU.ActiveCfg = Release|Any CPU
		{27532541-EE2D-9C0B-C899-C9A68B362635}.Release|Any CPU.Build.0 = Release|Any CPU
		{95677311-DC0F-1FE1-7AB1-042A52F5CE77}.Debug|Any CPU.ActiveCfg = Debug|Any CPU
		{95677311-DC0F-1FE1-7AB1-042A52F5CE77}.Debug|Any CPU.Build.0 = Debug|Any CPU
		{95677311-DC0F-1FE1-7AB1-042A52F5CE77}.Release|Any CPU.ActiveCfg = Release|Any CPU
		{95677311-DC0F-1FE1-7AB1-042A52F5CE77}.Release|Any CPU.Build.0 = Release|Any CPU
		{98093B27-F3AF-3270-7F1F-4C8038E9D652}.Debug|Any CPU.ActiveCfg = Debug|Any CPU
		{98093B27-F3AF-3270-7F1F-4C8038E9D652}.Debug|Any CPU.Build.0 = Debug|Any CPU
		{98093B27-F3AF-3270-7F1F-4C8038E9D652}.Release|Any CPU.ActiveCfg = Release|Any CPU
		{98093B27-F3AF-3270-7F1F-4C8038E9D652}.Release|Any CPU.Build.0 = Release|Any CPU
		{70019227-928F-FC2C-5949-034C0FDD9377}.Debug|Any CPU.ActiveCfg = Debug|Any CPU
		{70019227-928F-FC2C-5949-034C0FDD9377}.Debug|Any CPU.Build.0 = Debug|Any CPU
		{70019227-928F-FC2C-5949-034C0FDD9377}.Release|Any CPU.ActiveCfg = Release|Any CPU
		{70019227-928F-FC2C-5949-034C0FDD9377}.Release|Any CPU.Build.0 = Release|Any CPU
		{648AB70E-47A2-1CC9-079B-47262DE5A55C}.Debug|Any CPU.ActiveCfg = Debug|Any CPU
		{648AB70E-47A2-1CC9-079B-47262DE5A55C}.Debug|Any CPU.Build.0 = Debug|Any CPU
		{648AB70E-47A2-1CC9-079B-47262DE5A55C}.Release|Any CPU.ActiveCfg = Release|Any CPU
		{648AB70E-47A2-1CC9-079B-47262DE5A55C}.Release|Any CPU.Build.0 = Release|Any CPU
		{F530B428-28FD-C34D-FB2A-9BFB83957690}.Debug|Any CPU.ActiveCfg = Debug|Any CPU
		{F530B428-28FD-C34D-FB2A-9BFB83957690}.Debug|Any CPU.Build.0 = Debug|Any CPU
		{F530B428-28FD-C34D-FB2A-9BFB83957690}.Release|Any CPU.ActiveCfg = Release|Any CPU
		{F530B428-28FD-C34D-FB2A-9BFB83957690}.Release|Any CPU.Build.0 = Release|Any CPU
		{40BE6380-2802-C346-465F-39D330BC7EFB}.Debug|Any CPU.ActiveCfg = Debug|Any CPU
		{40BE6380-2802-C346-465F-39D330BC7EFB}.Debug|Any CPU.Build.0 = Debug|Any CPU
		{40BE6380-2802-C346-465F-39D330BC7EFB}.Release|Any CPU.ActiveCfg = Release|Any CPU
		{40BE6380-2802-C346-465F-39D330BC7EFB}.Release|Any CPU.Build.0 = Release|Any CPU
		{C64FECD1-5FA4-8E0E-517D-8A33A177D429}.Debug|Any CPU.ActiveCfg = Debug|Any CPU
		{C64FECD1-5FA4-8E0E-517D-8A33A177D429}.Debug|Any CPU.Build.0 = Debug|Any CPU
		{C64FECD1-5FA4-8E0E-517D-8A33A177D429}.Release|Any CPU.ActiveCfg = Release|Any CPU
		{C64FECD1-5FA4-8E0E-517D-8A33A177D429}.Release|Any CPU.Build.0 = Release|Any CPU
		{FDC545D8-EF87-6A86-C7F1-32660C97AB14}.Debug|Any CPU.ActiveCfg = Debug|Any CPU
		{FDC545D8-EF87-6A86-C7F1-32660C97AB14}.Debug|Any CPU.Build.0 = Debug|Any CPU
		{FDC545D8-EF87-6A86-C7F1-32660C97AB14}.Release|Any CPU.ActiveCfg = Release|Any CPU
		{FDC545D8-EF87-6A86-C7F1-32660C97AB14}.Release|Any CPU.Build.0 = Release|Any CPU
		{7632DBB4-AE4D-26D5-9A14-BBEE14BCB221}.Debug|Any CPU.ActiveCfg = Debug|Any CPU
		{7632DBB4-AE4D-26D5-9A14-BBEE14BCB221}.Debug|Any CPU.Build.0 = Debug|Any CPU
		{7632DBB4-AE4D-26D5-9A14-BBEE14BCB221}.Release|Any CPU.ActiveCfg = Release|Any CPU
		{7632DBB4-AE4D-26D5-9A14-BBEE14BCB221}.Release|Any CPU.Build.0 = Release|Any CPU
		{2AC9C2FE-7CAB-6AB4-2161-9EBC8392E065}.Debug|Any CPU.ActiveCfg = Debug|Any CPU
		{2AC9C2FE-7CAB-6AB4-2161-9EBC8392E065}.Debug|Any CPU.Build.0 = Debug|Any CPU
		{2AC9C2FE-7CAB-6AB4-2161-9EBC8392E065}.Release|Any CPU.ActiveCfg = Release|Any CPU
		{2AC9C2FE-7CAB-6AB4-2161-9EBC8392E065}.Release|Any CPU.Build.0 = Release|Any CPU
		{1030944B-82B6-5403-632B-03DB66C2D1D5}.Debug|Any CPU.ActiveCfg = Debug|Any CPU
		{1030944B-82B6-5403-632B-03DB66C2D1D5}.Debug|Any CPU.Build.0 = Debug|Any CPU
		{1030944B-82B6-5403-632B-03DB66C2D1D5}.Release|Any CPU.ActiveCfg = Release|Any CPU
		{1030944B-82B6-5403-632B-03DB66C2D1D5}.Release|Any CPU.Build.0 = Release|Any CPU
		{08B5CAB1-5702-BFB2-4994-C79EE9C969AE}.Debug|Any CPU.ActiveCfg = Debug|Any CPU
		{08B5CAB1-5702-BFB2-4994-C79EE9C969AE}.Debug|Any CPU.Build.0 = Debug|Any CPU
		{08B5CAB1-5702-BFB2-4994-C79EE9C969AE}.Release|Any CPU.ActiveCfg = Release|Any CPU
		{08B5CAB1-5702-BFB2-4994-C79EE9C969AE}.Release|Any CPU.Build.0 = Release|Any CPU
		{DB4F0A2A-CF82-9F8B-0369-36DCF762EE0C}.Debug|Any CPU.ActiveCfg = Debug|Any CPU
		{DB4F0A2A-CF82-9F8B-0369-36DCF762EE0C}.Debug|Any CPU.Build.0 = Debug|Any CPU
		{DB4F0A2A-CF82-9F8B-0369-36DCF762EE0C}.Release|Any CPU.ActiveCfg = Release|Any CPU
		{DB4F0A2A-CF82-9F8B-0369-36DCF762EE0C}.Release|Any CPU.Build.0 = Release|Any CPU
		{94910C30-6407-0DE6-BCC7-6B57FEC13A0D}.Debug|Any CPU.ActiveCfg = Debug|Any CPU
		{94910C30-6407-0DE6-BCC7-6B57FEC13A0D}.Debug|Any CPU.Build.0 = Debug|Any CPU
		{94910C30-6407-0DE6-BCC7-6B57FEC13A0D}.Release|Any CPU.ActiveCfg = Release|Any CPU
		{94910C30-6407-0DE6-BCC7-6B57FEC13A0D}.Release|Any CPU.Build.0 = Release|Any CPU
		{6D392434-CACA-4551-FB10-AC41B1FAF913}.Debug|Any CPU.ActiveCfg = Debug|Any CPU
		{6D392434-CACA-4551-FB10-AC41B1FAF913}.Debug|Any CPU.Build.0 = Debug|Any CPU
		{6D392434-CACA-4551-FB10-AC41B1FAF913}.Release|Any CPU.ActiveCfg = Release|Any CPU
		{6D392434-CACA-4551-FB10-AC41B1FAF913}.Release|Any CPU.Build.0 = Release|Any CPU
		{3D491FE2-3A85-D855-2F04-114F5F1A2351}.Debug|Any CPU.ActiveCfg = Debug|Any CPU
		{3D491FE2-3A85-D855-2F04-114F5F1A2351}.Debug|Any CPU.Build.0 = Debug|Any CPU
		{3D491FE2-3A85-D855-2F04-114F5F1A2351}.Release|Any CPU.ActiveCfg = Release|Any CPU
		{3D491FE2-3A85-D855-2F04-114F5F1A2351}.Release|Any CPU.Build.0 = Release|Any CPU
		{6D8808A3-B6F7-CEF0-62C2-70540F60F38F}.Debug|Any CPU.ActiveCfg = Debug|Any CPU
		{6D8808A3-B6F7-CEF0-62C2-70540F60F38F}.Debug|Any CPU.Build.0 = Debug|Any CPU
		{6D8808A3-B6F7-CEF0-62C2-70540F60F38F}.Release|Any CPU.ActiveCfg = Release|Any CPU
		{6D8808A3-B6F7-CEF0-62C2-70540F60F38F}.Release|Any CPU.Build.0 = Release|Any CPU
		{0625CAC6-2D6E-32F3-12F8-626AE2F46211}.Debug|Any CPU.ActiveCfg = Debug|Any CPU
		{0625CAC6-2D6E-32F3-12F8-626AE2F46211}.Debug|Any CPU.Build.0 = Debug|Any CPU
		{0625CAC6-2D6E-32F3-12F8-626AE2F46211}.Release|Any CPU.ActiveCfg = Release|Any CPU
		{0625CAC6-2D6E-32F3-12F8-626AE2F46211}.Release|Any CPU.Build.0 = Release|Any CPU
	EndGlobalSection
	GlobalSection(SolutionProperties) = preSolution
		HideSolutionNode = FALSE
	EndGlobalSection
EndGlobal
